
Microsoft Visual Studio Solution File, Format Version 12.00
# Visual Studio Version 17
VisualStudioVersion = 17.7.34024.191
MinimumVisualStudioVersion = 10.0.40219.1
Project("{FAE04EC0-301F-11D3-BF4B-00C04F79EFBC}") = "prac2ET", "prac2ET\prac2ET.csproj", "{C827A2A8-B95A-4F22-AAF7-D7728896CBCE}"
EndProject
Global
	GlobalSection(SolutionConfigurationPlatforms) = preSolution
		Debug|Any CPU = Debug|Any CPU
		Release|Any CPU = Release|Any CPU
	EndGlobalSection
	GlobalSection(ProjectConfigurationPlatforms) = postSolution
		{C827A2A8-B95A-4F22-AAF7-D7728896CBCE}.Debug|Any CPU.ActiveCfg = Debug|Any CPU
		{C827A2A8-B95A-4F22-AAF7-D7728896CBCE}.Debug|Any CPU.Build.0 = Debug|Any CPU
		{C827A2A8-B95A-4F22-AAF7-D7728896CBCE}.Release|Any CPU.ActiveCfg = Release|Any CPU
		{C827A2A8-B95A-4F22-AAF7-D7728896CBCE}.Release|Any CPU.Build.0 = Release|Any CPU
	EndGlobalSection
	GlobalSection(SolutionProperties) = preSolution
		HideSolutionNode = FALSE
	EndGlobalSection
	GlobalSection(ExtensibilityGlobals) = postSolution
		SolutionGuid = {113C4435-406E-4185-939C-461A1CB3ECBA}
	EndGlobalSection
EndGlobal
